
Microsoft Visual Studio Solution File, Format Version 12.00
# Visual Studio Version 17
VisualStudioVersion = 17.7.34024.191
MinimumVisualStudioVersion = 10.0.40219.1
Project("{FAE04EC0-301F-11D3-BF4B-00C04F79EFBC}") = "UP", "UP\UP.csproj", "{89D0EBDD-44CF-4DF8-8036-627EF9D6C3D0}"
EndProject
Global
	GlobalSection(SolutionConfigurationPlatforms) = preSolution
		Debug|Any CPU = Debug|Any CPU
		Release|Any CPU = Release|Any CPU
	EndGlobalSection
	GlobalSection(ProjectConfigurationPlatforms) = postSolution
		{89D0EBDD-44CF-4DF8-8036-627EF9D6C3D0}.Debug|Any CPU.ActiveCfg = Debug|Any CPU
		{89D0EBDD-44CF-4DF8-8036-627EF9D6C3D0}.Debug|Any CPU.Build.0 = Debug|Any CPU
		{89D0EBDD-44CF-4DF8-8036-627EF9D6C3D0}.Release|Any CPU.ActiveCfg = Release|Any CPU
		{89D0EBDD-44CF-4DF8-8036-627EF9D6C3D0}.Release|Any CPU.Build.0 = Release|Any CPU
	EndGlobalSection
	GlobalSection(SolutionProperties) = preSolution
		HideSolutionNode = FALSE
	EndGlobalSection
	GlobalSection(ExtensibilityGlobals) = postSolution
		SolutionGuid = {5A65DA45-2C95-4040-9893-65804EFC1BD2}
	EndGlobalSection
EndGlobal
